
Microsoft Visual Studio Solution File, Format Version 12.00
# Visual Studio Version 16
VisualStudioVersion = 16.0.30114.105
MinimumVisualStudioVersion = 10.0.40219.1
Project("{2150E333-8FDC-42A3-9474-1A3956D46DE8}") = "Domain", "Domain", "{36A4BB8E-AEB3-408F-A4B3-620DEA4FA5EA}"
EndProject
Project("{2150E333-8FDC-42A3-9474-1A3956D46DE8}") = "Infrastructure", "Infrastructure", "{B03D9F88-7B9E-423C-801D-580B766C2E28}"
EndProject
Project("{2150E333-8FDC-42A3-9474-1A3956D46DE8}") = "Presentation", "Presentation", "{00EC39C2-A6F0-4003-B93F-A494D80DA050}"
EndProject
Project("{9A19103F-16F7-4668-BE54-9A1E7A4F7556}") = "InvestmentManager.Entities", "InvestmentManager.Entities\InvestmentManager.Entities.csproj", "{FC7CF234-85B2-425C-B791-28E4F8DC674C}"
EndProject
Project("{9A19103F-16F7-4668-BE54-9A1E7A4F7556}") = "InvestmentManager.Repository", "InvestmentManager.Repository\InvestmentManager.Repository.csproj", "{63ACD5F4-484A-43F4-B133-65D7AF9670C2}"
EndProject
Project("{9A19103F-16F7-4668-BE54-9A1E7A4F7556}") = "InvestmentManager.Web", "InvestmentManager.Web\InvestmentManager.Web.csproj", "{E5299AF5-8E0F-4E9D-A5D2-26DC61CD500E}"
EndProject
Project("{9A19103F-16F7-4668-BE54-9A1E7A4F7556}") = "InvestmentManager.ProxyUpdater", "InvestmentManager.ProxyUpdater\InvestmentManager.ProxyUpdater.csproj", "{D83FA721-433D-4902-B9A3-63B1AFCE3B6F}"
EndProject
Project("{9A19103F-16F7-4668-BE54-9A1E7A4F7556}") = "InvestmentManager.ReportFinder", "InvestmentManager.ReportFinder\InvestmentManager.ReportFinder.csproj", "{4913457C-3F4B-4C2F-B79E-633AE7EE6BB6}"
EndProject
Project("{9A19103F-16F7-4668-BE54-9A1E7A4F7556}") = "InvestmentManager.BrokerService", "InvestmentManager.BrokerService\InvestmentManager.BrokerService.csproj", "{BB2FDCEF-149B-470B-8B5A-6BCD81F172A8}"
EndProject
Project("{9A19103F-16F7-4668-BE54-9A1E7A4F7556}") = "InvestmentManager.Calculator", "InvestmentManager.Calculator\InvestmentManager.Calculator.csproj", "{A067076A-3DD4-486C-B60A-B660E9367B5A}"
EndProject
Project("{9A19103F-16F7-4668-BE54-9A1E7A4F7556}") = "InvestmentManager.Service", "InvestmentManager.Converter\InvestmentManager.Service.csproj", "{FAF9CCE6-C65D-47B3-BC8F-58AF44D3A77F}"
EndProject
Project("{9A19103F-16F7-4668-BE54-9A1E7A4F7556}") = "InvestmentManager.PriceFinder", "InvestmentManager.PriceFinder\InvestmentManager.PriceFinder.csproj", "{912B9BCA-CFEA-4E35-9B3F-DB3B6AF4B8EF}"
EndProject
Global
	GlobalSection(SolutionConfigurationPlatforms) = preSolution
		Debug|Any CPU = Debug|Any CPU
		Release|Any CPU = Release|Any CPU
	EndGlobalSection
	GlobalSection(ProjectConfigurationPlatforms) = postSolution
		{FC7CF234-85B2-425C-B791-28E4F8DC674C}.Debug|Any CPU.ActiveCfg = Debug|Any CPU
		{FC7CF234-85B2-425C-B791-28E4F8DC674C}.Debug|Any CPU.Build.0 = Debug|Any CPU
		{FC7CF234-85B2-425C-B791-28E4F8DC674C}.Release|Any CPU.ActiveCfg = Release|Any CPU
		{FC7CF234-85B2-425C-B791-28E4F8DC674C}.Release|Any CPU.Build.0 = Release|Any CPU
		{63ACD5F4-484A-43F4-B133-65D7AF9670C2}.Debug|Any CPU.ActiveCfg = Debug|Any CPU
		{63ACD5F4-484A-43F4-B133-65D7AF9670C2}.Debug|Any CPU.Build.0 = Debug|Any CPU
		{63ACD5F4-484A-43F4-B133-65D7AF9670C2}.Release|Any CPU.ActiveCfg = Release|Any CPU
		{63ACD5F4-484A-43F4-B133-65D7AF9670C2}.Release|Any CPU.Build.0 = Release|Any CPU
		{E5299AF5-8E0F-4E9D-A5D2-26DC61CD500E}.Debug|Any CPU.ActiveCfg = Debug|Any CPU
		{E5299AF5-8E0F-4E9D-A5D2-26DC61CD500E}.Debug|Any CPU.Build.0 = Debug|Any CPU
		{E5299AF5-8E0F-4E9D-A5D2-26DC61CD500E}.Release|Any CPU.ActiveCfg = Release|Any CPU
		{E5299AF5-8E0F-4E9D-A5D2-26DC61CD500E}.Release|Any CPU.Build.0 = Release|Any CPU
		{D83FA721-433D-4902-B9A3-63B1AFCE3B6F}.Debug|Any CPU.ActiveCfg = Debug|Any CPU
		{D83FA721-433D-4902-B9A3-63B1AFCE3B6F}.Debug|Any CPU.Build.0 = Debug|Any CPU
		{D83FA721-433D-4902-B9A3-63B1AFCE3B6F}.Release|Any CPU.ActiveCfg = Release|Any CPU
		{D83FA721-433D-4902-B9A3-63B1AFCE3B6F}.Release|Any CPU.Build.0 = Release|Any CPU
		{4913457C-3F4B-4C2F-B79E-633AE7EE6BB6}.Debug|Any CPU.ActiveCfg = Debug|Any CPU
		{4913457C-3F4B-4C2F-B79E-633AE7EE6BB6}.Debug|Any CPU.Build.0 = Debug|Any CPU
		{4913457C-3F4B-4C2F-B79E-633AE7EE6BB6}.Release|Any CPU.ActiveCfg = Release|Any CPU
		{4913457C-3F4B-4C2F-B79E-633AE7EE6BB6}.Release|Any CPU.Build.0 = Release|Any CPU
		{BB2FDCEF-149B-470B-8B5A-6BCD81F172A8}.Debug|Any CPU.ActiveCfg = Debug|Any CPU
		{BB2FDCEF-149B-470B-8B5A-6BCD81F172A8}.Debug|Any CPU.Build.0 = Debug|Any CPU
		{BB2FDCEF-149B-470B-8B5A-6BCD81F172A8}.Release|Any CPU.ActiveCfg = Release|Any CPU
		{BB2FDCEF-149B-470B-8B5A-6BCD81F172A8}.Release|Any CPU.Build.0 = Release|Any CPU
		{A067076A-3DD4-486C-B60A-B660E9367B5A}.Debug|Any CPU.ActiveCfg = Debug|Any CPU
		{A067076A-3DD4-486C-B60A-B660E9367B5A}.Debug|Any CPU.Build.0 = Debug|Any CPU
		{A067076A-3DD4-486C-B60A-B660E9367B5A}.Release|Any CPU.ActiveCfg = Release|Any CPU
		{A067076A-3DD4-486C-B60A-B660E9367B5A}.Release|Any CPU.Build.0 = Release|Any CPU
		{FAF9CCE6-C65D-47B3-BC8F-58AF44D3A77F}.Debug|Any CPU.ActiveCfg = Debug|Any CPU
		{FAF9CCE6-C65D-47B3-BC8F-58AF44D3A77F}.Debug|Any CPU.Build.0 = Debug|Any CPU
		{FAF9CCE6-C65D-47B3-BC8F-58AF44D3A77F}.Release|Any CPU.ActiveCfg = Release|Any CPU
		{FAF9CCE6-C65D-47B3-BC8F-58AF44D3A77F}.Release|Any CPU.Build.0 = Release|Any CPU
		{912B9BCA-CFEA-4E35-9B3F-DB3B6AF4B8EF}.Debug|Any CPU.ActiveCfg = Debug|Any CPU
		{912B9BCA-CFEA-4E35-9B3F-DB3B6AF4B8EF}.Debug|Any CPU.Build.0 = Debug|Any CPU
		{912B9BCA-CFEA-4E35-9B3F-DB3B6AF4B8EF}.Release|Any CPU.ActiveCfg = Release|Any CPU
		{912B9BCA-CFEA-4E35-9B3F-DB3B6AF4B8EF}.Release|Any CPU.Build.0 = Release|Any CPU
	EndGlobalSection
	GlobalSection(SolutionProperties) = preSolution
		HideSolutionNode = FALSE
	EndGlobalSection
	GlobalSection(NestedProjects) = preSolution
		{FC7CF234-85B2-425C-B791-28E4F8DC674C} = {36A4BB8E-AEB3-408F-A4B3-620DEA4FA5EA}
		{63ACD5F4-484A-43F4-B133-65D7AF9670C2} = {36A4BB8E-AEB3-408F-A4B3-620DEA4FA5EA}
		{E5299AF5-8E0F-4E9D-A5D2-26DC61CD500E} = {00EC39C2-A6F0-4003-B93F-A494D80DA050}
		{D83FA721-433D-4902-B9A3-63B1AFCE3B6F} = {B03D9F88-7B9E-423C-801D-580B766C2E28}
		{4913457C-3F4B-4C2F-B79E-633AE7EE6BB6} = {B03D9F88-7B9E-423C-801D-580B766C2E28}
		{BB2FDCEF-149B-470B-8B5A-6BCD81F172A8} = {B03D9F88-7B9E-423C-801D-580B766C2E28}
		{A067076A-3DD4-486C-B60A-B660E9367B5A} = {B03D9F88-7B9E-423C-801D-580B766C2E28}
		{FAF9CCE6-C65D-47B3-BC8F-58AF44D3A77F} = {B03D9F88-7B9E-423C-801D-580B766C2E28}
		{912B9BCA-CFEA-4E35-9B3F-DB3B6AF4B8EF} = {B03D9F88-7B9E-423C-801D-580B766C2E28}
	EndGlobalSection
	GlobalSection(ExtensibilityGlobals) = postSolution
		SolutionGuid = {373BBC54-95CF-421C-9139-F97CF6073444}
	EndGlobalSection
EndGlobal
